// !$*UTF8*$!
{
	archiveVersion = 1;
	classes = {
	};
	objectVersion = 50;
	objects = {

/* Begin PBXBuildFile section */
		508C3C3626366D4F002A5AD4 /* AppDelegate.swift in Sources */ = {isa = PBXBuildFile; fileRef = 508C3C3526366D4F002A5AD4 /* AppDelegate.swift */; };
		508C3C3826366D4F002A5AD4 /* SceneDelegate.swift in Sources */ = {isa = PBXBuildFile; fileRef = 508C3C3726366D4F002A5AD4 /* SceneDelegate.swift */; };
		508C3C3A26366D4F002A5AD4 /* FeedViewController.swift in Sources */ = {isa = PBXBuildFile; fileRef = 508C3C3926366D4F002A5AD4 /* FeedViewController.swift */; };
		508C3C3D26366D4F002A5AD4 /* Main.storyboard in Resources */ = {isa = PBXBuildFile; fileRef = 508C3C3B26366D4F002A5AD4 /* Main.storyboard */; };
		508C3C3F26366D52002A5AD4 /* Assets.xcassets in Resources */ = {isa = PBXBuildFile; fileRef = 508C3C3E26366D52002A5AD4 /* Assets.xcassets */; };
		508C3C4226366D52002A5AD4 /* LaunchScreen.storyboard in Resources */ = {isa = PBXBuildFile; fileRef = 508C3C4026366D52002A5AD4 /* LaunchScreen.storyboard */; };
		508C3C4E263671E3002A5AD4 /* Post.swift in Sources */ = {isa = PBXBuildFile; fileRef = 508C3C4D263671E3002A5AD4 /* Post.swift */; };
		508C3C542637AE60002A5AD4 /* PostTableViewCell.swift in Sources */ = {isa = PBXBuildFile; fileRef = 508C3C532637AE60002A5AD4 /* PostTableViewCell.swift */; };
/* End PBXBuildFile section */

/* Begin PBXFileReference section */
		508C3C3226366D4F002A5AD4 /* ProductHuntPractice.app */ = {isa = PBXFileReference; explicitFileType = wrapper.application; includeInIndex = 0; path = ProductHuntPractice.app; sourceTree = BUILT_PRODUCTS_DIR; };
		508C3C3526366D4F002A5AD4 /* AppDelegate.swift */ = {isa = PBXFileReference; lastKnownFileType = sourcecode.swift; path = AppDelegate.swift; sourceTree = "<group>"; };
		508C3C3726366D4F002A5AD4 /* SceneDelegate.swift */ = {isa = PBXFileReference; lastKnownFileType = sourcecode.swift; path = SceneDelegate.swift; sourceTree = "<group>"; };
		508C3C3926366D4F002A5AD4 /* FeedViewController.swift */ = {isa = PBXFileReference; lastKnownFileType = sourcecode.swift; path = FeedViewController.swift; sourceTree = "<group>"; };
		508C3C3C26366D4F002A5AD4 /* Base */ = {isa = PBXFileReference; lastKnownFileType = file.storyboard; name = Base; path = Base.lproj/Main.storyboard; sourceTree = "<group>"; };
		508C3C3E26366D52002A5AD4 /* Assets.xcassets */ = {isa = PBXFileReference; lastKnownFileType = folder.assetcatalog; path = Assets.xcassets; sourceTree = "<group>"; };
		508C3C4126366D52002A5AD4 /* Base */ = {isa = PBXFileReference; lastKnownFileType = file.storyboard; name = Base; path = Base.lproj/LaunchScreen.storyboard; sourceTree = "<group>"; };
		508C3C4326366D52002A5AD4 /* Info.plist */ = {isa = PBXFileReference; lastKnownFileType = text.plist.xml; path = Info.plist; sourceTree = "<group>"; };
		508C3C4D263671E3002A5AD4 /* Post.swift */ = {isa = PBXFileReference; lastKnownFileType = sourcecode.swift; path = Post.swift; sourceTree = "<group>"; };
		508C3C532637AE60002A5AD4 /* PostTableViewCell.swift */ = {isa = PBXFileReference; lastKnownFileType = sourcecode.swift; path = PostTableViewCell.swift; sourceTree = "<group>"; };
/* End PBXFileReference section */

/* Begin PBXFrameworksBuildPhase section */
		508C3C2F26366D4F002A5AD4 /* Frameworks */ = {
			isa = PBXFrameworksBuildPhase;
			buildActionMask = 2147483647;
			files = (
			);
			runOnlyForDeploymentPostprocessing = 0;
		};
/* End PBXFrameworksBuildPhase section */

/* Begin PBXGroup section */
		508C3C2926366D4F002A5AD4 = {
			isa = PBXGroup;
			children = (
				508C3C3426366D4F002A5AD4 /* ProductHuntPractice */,
				508C3C3326366D4F002A5AD4 /* Products */,
			);
			sourceTree = "<group>";
		};
		508C3C3326366D4F002A5AD4 /* Products */ = {
			isa = PBXGroup;
			children = (
				508C3C3226366D4F002A5AD4 /* ProductHuntPractice.app */,
			);
			name = Products;
			sourceTree = "<group>";
		};
		508C3C3426366D4F002A5AD4 /* ProductHuntPractice */ = {
			isa = PBXGroup;
			children = (
				508C3C4B263671CC002A5AD4 /* Model */,
				508C3C512636724E002A5AD4 /* View */,
				508C3C4C263671D5002A5AD4 /* Controller */,
				508C3C3526366D4F002A5AD4 /* AppDelegate.swift */,
				508C3C3726366D4F002A5AD4 /* SceneDelegate.swift */,
				508C3C3926366D4F002A5AD4 /* FeedViewController.swift */,
				508C3C3E26366D52002A5AD4 /* Assets.xcassets */,
				508C3C4026366D52002A5AD4 /* LaunchScreen.storyboard */,
				508C3C4326366D52002A5AD4 /* Info.plist */,
			);
			path = ProductHuntPractice;
			sourceTree = "<group>";
		};
		508C3C4B263671CC002A5AD4 /* Model */ = {
			isa = PBXGroup;
			children = (
				508C3C4D263671E3002A5AD4 /* Post.swift */,
			);
			path = Model;
			sourceTree = "<group>";
		};
		508C3C4C263671D5002A5AD4 /* Controller */ = {
			isa = PBXGroup;
			children = (
			);
			path = Controller;
			sourceTree = "<group>";
		};
		508C3C512636724E002A5AD4 /* View */ = {
			isa = PBXGroup;
			children = (
				508C3C3B26366D4F002A5AD4 /* Main.storyboard */,
				508C3C532637AE60002A5AD4 /* PostTableViewCell.swift */,
			);
			path = View;
			sourceTree = "<group>";
		};
/* End PBXGroup section */

/* Begin PBXNativeTarget section */
		508C3C3126366D4F002A5AD4 /* ProductHuntPractice */ = {
			isa = PBXNativeTarget;
			buildConfigurationList = 508C3C4626366D52002A5AD4 /* Build configuration list for PBXNativeTarget "ProductHuntPractice" */;
			buildPhases = (
				508C3C2E26366D4F002A5AD4 /* Sources */,
				508C3C2F26366D4F002A5AD4 /* Frameworks */,
				508C3C3026366D4F002A5AD4 /* Resources */,
			);
			buildRules = (
			);
			dependencies = (
			);
			name = ProductHuntPractice;
			productName = ProductHuntPractice;
			productReference = 508C3C3226366D4F002A5AD4 /* ProductHuntPractice.app */;
			productType = "com.apple.product-type.application";
		};
/* End PBXNativeTarget section */

/* Begin PBXProject section */
		508C3C2A26366D4F002A5AD4 /* Project object */ = {
			isa = PBXProject;
			attributes = {
				LastSwiftUpdateCheck = 1240;
				LastUpgradeCheck = 1240;
				TargetAttributes = {
					508C3C3126366D4F002A5AD4 = {
						CreatedOnToolsVersion = 12.4;
					};
				};
			};
			buildConfigurationList = 508C3C2D26366D4F002A5AD4 /* Build configuration list for PBXProject "ProductHuntPractice" */;
			compatibilityVersion = "Xcode 9.3";
			developmentRegion = en;
			hasScannedForEncodings = 0;
			knownRegions = (
				en,
				Base,
			);
			mainGroup = 508C3C2926366D4F002A5AD4;
			productRefGroup = 508C3C3326366D4F002A5AD4 /* Products */;
			projectDirPath = "";
			projectRoot = "";
			targets = (
				508C3C3126366D4F002A5AD4 /* ProductHuntPractice */,
			);
		};
/* End PBXProject section */

/* Begin PBXResourcesBuildPhase section */
		508C3C3026366D4F002A5AD4 /* Resources */ = {
			isa = PBXResourcesBuildPhase;
			buildActionMask = 2147483647;
			files = (
				508C3C4226366D52002A5AD4 /* LaunchScreen.storyboard in Resources */,
				508C3C3F26366D52002A5AD4 /* Assets.xcassets in Resources */,
				508C3C3D26366D4F002A5AD4 /* Main.storyboard in Resources */,
			);
			runOnlyForDeploymentPostprocessing = 0;
		};
/* End PBXResourcesBuildPhase section */

/* Begin PBXSourcesBuildPhase section */
		508C3C2E26366D4F002A5AD4 /* Sources */ = {
			isa = PBXSourcesBuildPhase;
			buildActionMask = 2147483647;
			files = (
				508C3C3A26366D4F002A5AD4 /* FeedViewController.swift in Sources */,
				508C3C3626366D4F002A5AD4 /* AppDelegate.swift in Sources */,
				508C3C542637AE60002A5AD4 /* PostTableViewCell.swift in Sources */,
				508C3C3826366D4F002A5AD4 /* SceneDelegate.swift in Sources */,
				508C3C4E263671E3002A5AD4 /* Post.swift in Sources */,
			);
			runOnlyForDeploymentPostprocessing = 0;
		};
/* End PBXSourcesBuildPhase section */

/* Begin PBXVariantGroup section */
		508C3C3B26366D4F002A5AD4 /* Main.storyboard */ = {
			isa = PBXVariantGroup;
			children = (
				508C3C3C26366D4F002A5AD4 /* Base */,
			);
			name = Main.storyboard;
			sourceTree = "<group>";
		};
		508C3C4026366D52002A5AD4 /* LaunchScreen.storyboard */ = {
			isa = PBXVariantGroup;
			children = (
				508C3C4126366D52002A5AD4 /* Base */,
			);
			name = LaunchScreen.storyboard;
			sourceTree = "<group>";
		};
/* End PBXVariantGroup section */

/* Begin XCBuildConfiguration section */
		508C3C4426366D52002A5AD4 /* Debug */ = {
			isa = XCBuildConfiguration;
			buildSettings = {
				ALWAYS_SEARCH_USER_PATHS = NO;
				CLANG_ANALYZER_NONNULL = YES;
				CLANG_ANALYZER_NUMBER_OBJECT_CONVERSION = YES_AGGRESSIVE;
				CLANG_CXX_LANGUAGE_STANDARD = "gnu++14";
				CLANG_CXX_LIBRARY = "libc++";
				CLANG_ENABLE_MODULES = YES;
				CLANG_ENABLE_OBJC_ARC = YES;
				CLANG_ENABLE_OBJC_WEAK = YES;
				CLANG_WARN_BLOCK_CAPTURE_AUTORELEASING = YES;
				CLANG_WARN_BOOL_CONVERSION = YES;
				CLANG_WARN_COMMA = YES;
				CLANG_WARN_CONSTANT_CONVERSION = YES;
				CLANG_WARN_DEPRECATED_OBJC_IMPLEMENTATIONS = YES;
				CLANG_WARN_DIRECT_OBJC_ISA_USAGE = YES_ERROR;
				CLANG_WARN_DOCUMENTATION_COMMENTS = YES;
				CLANG_WARN_EMPTY_BODY = YES;
				CLANG_WARN_ENUM_CONVERSION = YES;
				CLANG_WARN_INFINITE_RECURSION = YES;
				CLANG_WARN_INT_CONVERSION = YES;
				CLANG_WARN_NON_LITERAL_NULL_CONVERSION = YES;
				CLANG_WARN_OBJC_IMPLICIT_RETAIN_SELF = YES;
				CLANG_WARN_OBJC_LITERAL_CONVERSION = YES;
				CLANG_WARN_OBJC_ROOT_CLASS = YES_ERROR;
				CLANG_WARN_QUOTED_INCLUDE_IN_FRAMEWORK_HEADER = YES;
				CLANG_WARN_RANGE_LOOP_ANALYSIS = YES;
				CLANG_WARN_STRICT_PROTOTYPES = YES;
				CLANG_WARN_SUSPICIOUS_MOVE = YES;
				CLANG_WARN_UNGUARDED_AVAILABILITY = YES_AGGRESSIVE;
				CLANG_WARN_UNREACHABLE_CODE = YES;
				CLANG_WARN__DUPLICATE_METHOD_MATCH = YES;
				COPY_PHASE_STRIP = NO;
				DEBUG_INFORMATION_FORMAT = dwarf;
				ENABLE_STRICT_OBJC_MSGSEND = YES;
				ENABLE_TESTABILITY = YES;
				GCC_C_LANGUAGE_STANDARD = gnu11;
				GCC_DYNAMIC_NO_PIC = NO;
				GCC_NO_COMMON_BLOCKS = YES;
				GCC_OPTIMIZATION_LEVEL = 0;
				GCC_PREPROCESSOR_DEFINITIONS = (
					"DEBUG=1",
					"$(inherited)",
				);
				GCC_WARN_64_TO_32_BIT_CONVERSION = YES;
				GCC_WARN_ABOUT_RETURN_TYPE = YES_ERROR;
				GCC_WARN_UNDECLARED_SELECTOR = YES;
				GCC_WARN_UNINITIALIZED_AUTOS = YES_AGGRESSIVE;
				GCC_WARN_UNUSED_FUNCTION = YES;
				GCC_WARN_UNUSED_VARIABLE = YES;
				IPHONEOS_DEPLOYMENT_TARGET = 14.4;
				MTL_ENABLE_DEBUG_INFO = INCLUDE_SOURCE;
				MTL_FAST_MATH = YES;
				ONLY_ACTIVE_ARCH = YES;
				SDKROOT = iphoneos;
				SWIFT_ACTIVE_COMPILATION_CONDITIONS = DEBUG;
				SWIFT_OPTIMIZATION_LEVEL = "-Onone";
			};
			name = Debug;
		};
		508C3C4526366D52002A5AD4 /* Release */ = {
			isa = XCBuildConfiguration;
			buildSettings = {
				ALWAYS_SEARCH_USER_PATHS = NO;
				CLANG_ANALYZER_NONNULL = YES;
				CLANG_ANALYZER_NUMBER_OBJECT_CONVERSION = YES_AGGRESSIVE;
				CLANG_CXX_LANGUAGE_STANDARD = "gnu++14";
				CLANG_CXX_LIBRARY = "libc++";
				CLANG_ENABLE_MODULES = YES;
				CLANG_ENABLE_OBJC_ARC = YES;
				CLANG_ENABLE_OBJC_WEAK = YES;
				CLANG_WARN_BLOCK_CAPTURE_AUTORELEASING = YES;
				CLANG_WARN_BOOL_CONVERSION = YES;
				CLANG_WARN_COMMA = YES;
				CLANG_WARN_CONSTANT_CONVERSION = YES;
				CLANG_WARN_DEPRECATED_OBJC_IMPLEMENTATIONS = YES;
				CLANG_WARN_DIRECT_OBJC_ISA_USAGE = YES_ERROR;
				CLANG_WARN_DOCUMENTATION_COMMENTS = YES;
				CLANG_WARN_EMPTY_BODY = YES;
				CLANG_WARN_ENUM_CONVERSION = YES;
				CLANG_WARN_INFINITE_RECURSION = YES;
				CLANG_WARN_INT_CONVERSION = YES;
				CLANG_WARN_NON_LITERAL_NULL_CONVERSION = YES;
				CLANG_WARN_OBJC_IMPLICIT_RETAIN_SELF = YES;
				CLANG_WARN_OBJC_LITERAL_CONVERSION = YES;
				CLANG_WARN_OBJC_ROOT_CLASS = YES_ERROR;
				CLANG_WARN_QUOTED_INCLUDE_IN_FRAMEWORK_HEADER = YES;
				CLANG_WARN_RANGE_LOOP_ANALYSIS = YES;
				CLANG_WARN_STRICT_PROTOTYPES = YES;
				CLANG_WARN_SUSPICIOUS_MOVE = YES;
				CLANG_WARN_UNGUARDED_AVAILABILITY = YES_AGGRESSIVE;
				CLANG_WARN_UNREACHABLE_CODE = YES;
				CLANG_WARN__DUPLICATE_METHOD_MATCH = YES;
				COPY_PHASE_STRIP = NO;
				DEBUG_INFORMATION_FORMAT = "dwarf-with-dsym";
				ENABLE_NS_ASSERTIONS = NO;
				ENABLE_STRICT_OBJC_MSGSEND = YES;
				GCC_C_LANGUAGE_STANDARD = gnu11;
				GCC_NO_COMMON_BLOCKS = YES;
				GCC_WARN_64_TO_32_BIT_CONVERSION = YES;
				GCC_WARN_ABOUT_RETURN_TYPE = YES_ERROR;
				GCC_WARN_UNDECLARED_SELECTOR = YES;
				GCC_WARN_UNINITIALIZED_AUTOS = YES_AGGRESSIVE;
				GCC_WARN_UNUSED_FUNCTION = YES;
				GCC_WARN_UNUSED_VARIABLE = YES;
				IPHONEOS_DEPLOYMENT_TARGET = 14.4;
				MTL_ENABLE_DEBUG_INFO = NO;
				MTL_FAST_MATH = YES;
				SDKROOT = iphoneos;
				SWIFT_COMPILATION_MODE = wholemodule;
				SWIFT_OPTIMIZATION_LEVEL = "-O";
				VALIDATE_PRODUCT = YES;
			};
			name = Release;
		};
		508C3C4726366D52002A5AD4 /* Debug */ = {
			isa = XCBuildConfiguration;
			buildSettings = {
				ASSETCATALOG_COMPILER_APPICON_NAME = AppIcon;
				ASSETCATALOG_COMPILER_GLOBAL_ACCENT_COLOR_NAME = AccentColor;
				CODE_SIGN_STYLE = Automatic;
				INFOPLIST_FILE = ProductHuntPractice/Info.plist;
				LD_RUNPATH_SEARCH_PATHS = (
					"$(inherited)",
					"@executable_path/Frameworks",
				);
				PRODUCT_BUNDLE_IDENTIFIER = "Daydream-Society.ProductHuntPractice";
				PRODUCT_NAME = "$(TARGET_NAME)";
				SWIFT_VERSION = 5.0;
				TARGETED_DEVICE_FAMILY = "1,2";
			};
			name = Debug;
		};
		508C3C4826366D52002A5AD4 /* Release */ = {
			isa = XCBuildConfiguration;
			buildSettings = {
				ASSETCATALOG_COMPILER_APPICON_NAME = AppIcon;
				ASSETCATALOG_COMPILER_GLOBAL_ACCENT_COLOR_NAME = AccentColor;
				CODE_SIGN_STYLE = Automatic;
				INFOPLIST_FILE = ProductHuntPractice/Info.plist;
				LD_RUNPATH_SEARCH_PATHS = (
					"$(inherited)",
					"@executable_path/Frameworks",
				);
				PRODUCT_BUNDLE_IDENTIFIER = "Daydream-Society.ProductHuntPractice";
				PRODUCT_NAME = "$(TARGET_NAME)";
				SWIFT_VERSION = 5.0;
				TARGETED_DEVICE_FAMILY = "1,2";
			};
			name = Release;
		};
/* End XCBuildConfiguration section */

/* Begin XCConfigurationList section */
		508C3C2D26366D4F002A5AD4 /* Build configuration list for PBXProject "ProductHuntPractice" */ = {
			isa = XCConfigurationList;
			buildConfigurations = (
				508C3C4426366D52002A5AD4 /* Debug */,
				508C3C4526366D52002A5AD4 /* Release */,
			);
			defaultConfigurationIsVisible = 0;
			defaultConfigurationName = Release;
		};
		508C3C4626366D52002A5AD4 /* Build configuration list for PBXNativeTarget "ProductHuntPractice" */ = {
			isa = XCConfigurationList;
			buildConfigurations = (
				508C3C4726366D52002A5AD4 /* Debug */,
				508C3C4826366D52002A5AD4 /* Release */,
			);
			defaultConfigurationIsVisible = 0;
			defaultConfigurationName = Release;
		};
/* End XCConfigurationList section */
	};
	rootObject = 508C3C2A26366D4F002A5AD4 /* Project object */;
}
